
Microsoft Visual Studio Solution File, Format Version 12.00
# Visual Studio Version 16
VisualStudioVersion = 16.0.31313.79
MinimumVisualStudioVersion = 10.0.40219.1
Project("{8BC9CEB8-8B4A-11D0-8D11-00A0C91BC942}") = "Lab 11 dwukierunkowa", "Lab 11 dwukierunkowa.vcxproj", "{47E4F08E-DE13-49A0-94A9-91641589678B}"
EndProject
Global
	GlobalSection(SolutionConfigurationPlatforms) = preSolution
		Debug|x64 = Debug|x64
		Debug|x86 = Debug|x86
		Release|x64 = Release|x64
		Release|x86 = Release|x86
	EndGlobalSection
	GlobalSection(ProjectConfigurationPlatforms) = postSolution
		{47E4F08E-DE13-49A0-94A9-91641589678B}.Debug|x64.ActiveCfg = Debug|x64
		{47E4F08E-DE13-49A0-94A9-91641589678B}.Debug|x64.Build.0 = Debug|x64
		{47E4F08E-DE13-49A0-94A9-91641589678B}.Debug|x86.ActiveCfg = Debug|Win32
		{47E4F08E-DE13-49A0-94A9-91641589678B}.Debug|x86.Build.0 = Debug|Win32
		{47E4F08E-DE13-49A0-94A9-91641589678B}.Release|x64.ActiveCfg = Release|x64
		{47E4F08E-DE13-49A0-94A9-91641589678B}.Release|x64.Build.0 = Release|x64
		{47E4F08E-DE13-49A0-94A9-91641589678B}.Release|x86.ActiveCfg = Release|Win32
		{47E4F08E-DE13-49A0-94A9-91641589678B}.Release|x86.Build.0 = Release|Win32
	EndGlobalSection
	GlobalSection(SolutionProperties) = preSolution
		HideSolutionNode = FALSE
	EndGlobalSection
	GlobalSection(ExtensibilityGlobals) = postSolution
		SolutionGuid = {0FAC1592-E51A-48D1-BBA0-F8D3D06D09A0}
	EndGlobalSection
EndGlobal
